
Microsoft Visual Studio Solution File, Format Version 12.00
# Visual Studio Version 17
VisualStudioVersion = 17.9.34701.34
MinimumVisualStudioVersion = 10.0.40219.1
Project("{FAE04EC0-301F-11D3-BF4B-00C04F79EFBC}") = "SensorsProject", "SensorsProject\SensorsProject.csproj", "{EE00381E-1378-471E-8721-89169F063142}"
EndProject
Global
	GlobalSection(SolutionConfigurationPlatforms) = preSolution
		Debug|Any CPU = Debug|Any CPU
		Release|Any CPU = Release|Any CPU
	EndGlobalSection
	GlobalSection(ProjectConfigurationPlatforms) = postSolution
		{EE00381E-1378-471E-8721-89169F063142}.Debug|Any CPU.ActiveCfg = Debug|Any CPU
		{EE00381E-1378-471E-8721-89169F063142}.Debug|Any CPU.Build.0 = Debug|Any CPU
		{EE00381E-1378-471E-8721-89169F063142}.Release|Any CPU.ActiveCfg = Release|Any CPU
		{EE00381E-1378-471E-8721-89169F063142}.Release|Any CPU.Build.0 = Release|Any CPU
	EndGlobalSection
	GlobalSection(SolutionProperties) = preSolution
		HideSolutionNode = FALSE
	EndGlobalSection
	GlobalSection(ExtensibilityGlobals) = postSolution
		SolutionGuid = {F085E95F-935C-45D3-BCBA-3CD1FA560793}
	EndGlobalSection
EndGlobal
